<?xml version="1.0" encoding="utf-8"?>
<Project ToolsVersion="4.0" xmlns="http://schemas.microsoft.com/developer/msbuild/2003">
  <ItemGroup>
    <Filter Include="Header Files">
      <UniqueIdentifier>{93995380-89BD-4b04-88EB-625FBE52EBFB}</UniqueIdentifier>
      <Extensions>h;hh;hpp;hxx;hm;inl;inc;ipp;xsd</Extensions>
    </Filter>
    <Filter Include="Examples">
      <UniqueIdentifier>{7dca5cad-9c02-49b5-9046-7a873f8d7211}</UniqueIdentifier>
    </Filter>
    <Filter Include="3rdParty">
      <UniqueIdentifier>{f4babb72-ed9d-48cc-937e-43ea99a0269e}</UniqueIdentifier>
    </Filter>
    <Filter Include="Debug">
      <UniqueIdentifier>{e8abe811-b99a-422b-9817-cf544d6b2724}</UniqueIdentifier>
    </Filter>
    <Filter Include="Testing">
      <UniqueIdentifier>{35588aed-cf5c-4740-92eb-439f7f30b0ea}</UniqueIdentifier>
    </Filter>
    <Filter Include="BEngine">
      <UniqueIdentifier>{473ea43f-a024-4d8e-8481-0cb6516a93c7}</UniqueIdentifier>
    </Filter>
    <Filter Include="BEngine3D">
      <UniqueIdentifier>{9351aa30-4fed-4092-96b6-ca85b0f018f9}</UniqueIdentifier>
    </Filter>
  </ItemGroup>
  <ItemGroup>
    <ClInclude Include="DrawLines.h">
      <Filter>Examples</Filter>
    </ClInclude>
    <ClInclude Include="DrawBezierCurves.h">
      <Filter>Examples</Filter>
    </ClInclude>
    <ClInclude Include="Debug.h">
      <Filter>Debug</Filter>
    </ClInclude>
    <ClInclude Include="TestCode.h">
      <Filter>Testing</Filter>
    </ClInclude>
    <ClInclude Include="BouncingBall.h">
      <Filter>Examples</Filter>
    </ClInclude>
    <ClInclude Include="SpaceWars.h">
      <Filter>Examples</Filter>
    </ClInclude>
    <ClInclude Include="RayCaster.h">
      <Filter>Examples</Filter>
    </ClInclude>
    <ClInclude Include="DrawFonts.h">
      <Filter>Examples</Filter>
    </ClInclude>
    <ClInclude Include="PerlinNoise.h">
      <Filter>Examples</Filter>
    </ClInclude>
    <ClInclude Include="TestMathLib.h">
      <Filter>Testing</Filter>
    </ClInclude>
    <ClInclude Include="TestCode3D.h">
      <Filter>Testing</Filter>
    </ClInclude>
    <ClInclude Include="Maths.h">
      <Filter>BEngine</Filter>
    </ClInclude>
    <ClInclude Include="BEngine.h">
      <Filter>BEngine</Filter>
    </ClInclude>
    <ClInclude Include="Common.h">
      <Filter>BEngine</Filter>
    </ClInclude>
    <ClInclude Include="lodepng.h">
      <Filter>3rdParty</Filter>
    </ClInclude>
    <ClInclude Include="BEngine3D.h">
      <Filter>BEngine3D</Filter>
    </ClInclude>
    <ClInclude Include="Mesh.h">
      <Filter>BEngine3D</Filter>
    </ClInclude>
    <ClInclude Include="EarthAndLuna.h">
      <Filter>Examples</Filter>
    </ClInclude>
    <ClInclude Include="Shaders.h">
      <Filter>BEngine3D</Filter>
    </ClInclude>
    <ClInclude Include="Utils.h">
      <Filter>BEngine</Filter>
    </ClInclude>
  </ItemGroup>
  <ItemGroup>
    <ClCompile Include="lodepng.cpp">
      <Filter>3rdParty</Filter>
    </ClCompile>
    <ClCompile Include="Debug.cpp">
      <Filter>Debug</Filter>
    </ClCompile>
    <ClCompile Include="Win32Main.cpp" />
    <ClCompile Include="Maths.cpp">
      <Filter>BEngine</Filter>
    </ClCompile>
    <ClCompile Include="BEngine.cpp">
      <Filter>BEngine</Filter>
    </ClCompile>
    <ClCompile Include="BEngine3D.cpp">
      <Filter>BEngine3D</Filter>
    </ClCompile>
    <ClCompile Include="Mesh.cpp">
      <Filter>BEngine3D</Filter>
    </ClCompile>
    <ClCompile Include="Utils.cpp">
      <Filter>BEngine</Filter>
    </ClCompile>
    <ClCompile Include="Shaders.cpp">
      <Filter>BEngine3D</Filter>
    </ClCompile>
  </ItemGroup>
</Project>